
Microsoft Visual Studio Solution File, Format Version 12.00
# Visual Studio Version 16
VisualStudioVersion = 16.0.29123.88
MinimumVisualStudioVersion = 10.0.40219.1
Project("{FAE04EC0-301F-11D3-BF4B-00C04F79EFBC}") = "MVC", "MVC\MVC.csproj", "{CAEECE70-C435-4577-924E-36C317969F40}"
EndProject
Project("{FAE04EC0-301F-11D3-BF4B-00C04F79EFBC}") = "DAL", "DAL\DAL.csproj", "{EFBFEAAD-D46F-4C1C-8EC8-CB60CFB06878}"
EndProject
Project("{FAE04EC0-301F-11D3-BF4B-00C04F79EFBC}") = "BLL", "BLL\BLL.csproj", "{C527C262-A802-449B-8592-55239C1066B1}"
EndProject
Global
	GlobalSection(SolutionConfigurationPlatforms) = preSolution
		Debug|Any CPU = Debug|Any CPU
		Release|Any CPU = Release|Any CPU
	EndGlobalSection
	GlobalSection(ProjectConfigurationPlatforms) = postSolution
		{CAEECE70-C435-4577-924E-36C317969F40}.Debug|Any CPU.ActiveCfg = Debug|Any CPU
		{CAEECE70-C435-4577-924E-36C317969F40}.Debug|Any CPU.Build.0 = Debug|Any CPU
		{CAEECE70-C435-4577-924E-36C317969F40}.Release|Any CPU.ActiveCfg = Release|Any CPU
		{CAEECE70-C435-4577-924E-36C317969F40}.Release|Any CPU.Build.0 = Release|Any CPU
		{EFBFEAAD-D46F-4C1C-8EC8-CB60CFB06878}.Debug|Any CPU.ActiveCfg = Debug|Any CPU
		{EFBFEAAD-D46F-4C1C-8EC8-CB60CFB06878}.Debug|Any CPU.Build.0 = Debug|Any CPU
		{EFBFEAAD-D46F-4C1C-8EC8-CB60CFB06878}.Release|Any CPU.ActiveCfg = Release|Any CPU
		{EFBFEAAD-D46F-4C1C-8EC8-CB60CFB06878}.Release|Any CPU.Build.0 = Release|Any CPU
		{C527C262-A802-449B-8592-55239C1066B1}.Debug|Any CPU.ActiveCfg = Debug|Any CPU
		{C527C262-A802-449B-8592-55239C1066B1}.Debug|Any CPU.Build.0 = Debug|Any CPU
		{C527C262-A802-449B-8592-55239C1066B1}.Release|Any CPU.ActiveCfg = Release|Any CPU
		{C527C262-A802-449B-8592-55239C1066B1}.Release|Any CPU.Build.0 = Release|Any CPU
	EndGlobalSection
	GlobalSection(SolutionProperties) = preSolution
		HideSolutionNode = FALSE
	EndGlobalSection
	GlobalSection(ExtensibilityGlobals) = postSolution
		SolutionGuid = {3D04148A-67F0-450D-B287-04E0729476B4}
	EndGlobalSection
EndGlobal
